github.com/davecgh/go-spew v1.1.0/go.mod h1:J7Y8YcW2NihsgmVo/mv3lAwl/skON4iLHjSsI+c5H38=
github.com/davecgh/go-spew v1.1.1 h1:vj9j/u1bqnvCEfJOwUhtlOARqs3+rkHYY13jYWTU97c=
github.com/davecgh/go-spew v1.1.1/go.mod h1:J7Y8YcW2NihsgmVo/mv3lAwl/skON4iLHjSsI+c5H38=
github.com/google/uuid v1.3.0 h1:t6JiXgmwXMjEs8VusXIJk2BXHsn+wx8BZdTaoZ5fu7I=
github.com/google/uuid v1.3.0/go.mod h1:TIyPZe4MgqvfeYDBFedMoGGpEw/LqOeaOT+nhxU+yHo=
github.com/pmezard/go-difflib v1.0.0 h1:4DBwDE0NGyQoBHbLQYPwSUPoCMWR5BEzIk/f1lZbAQM=
github.com/pmezard/go-difflib v1.0.0/go.mod h1:iKH77koFhYxTK1pcRnkKkqfTogsbg7gZNVY4sRDYZ/4=
github.com/stretchr/objx v0.1.0/go.mod h1:HFkY916IF+rwdDfMAkV7OtwuqBVzrE8GR6GFx+wExME=
github.com/stretchr/testify v1.4.0/go.mod h1:j7eGeouHqKxXV5pUuKE4zz7dFj8WfuZ+81PSLYec5m4=
github.com/stretchr/testify v1.8.4 h1:CcVxjf3Q8PM0mHUKJCdn+eZZtm5yQwehR5yeSVQQcUk=
github.com/stretchr/testify v1.8.4/go.mod h1:sz/lmYIOXD/1dqDmKjjqLyZ2RngseejIcXlSw2iwfAo=
github.com/thoas/go-funk v0.9.3 h1:7+nAEx3kn5ZJcnDm2Bh23N2yOtweO14bi//dvRtgLpw=
github.com/thoas/go-funk v0.9.3/go.mod h1:+IWnUfUmFO1+WVYQWQtIJHeRRdaIyyYglZN7xzUPe4Q=
github.com/weedbox/pokerface v0.0.0-20230610094643-b53cc1f81d5f h1:zIGcEOHmlCPsM5G0hDDmSj0PJ6WKCNjlBWM3c8KN2BM=
github.com/weedbox/pokerface v0.0.0-20230610094643-b53cc1f81d5f/go.mod h1:yXnoadsHpPMVcVq5SS3JbJ7nbT7ARqpNWLeMyFlrY6E=
github.com/weedbox/pokerface v0.0.0-20230612023724-9a4ee1b79b76 h1:aBM7jODao6BLO3lbcn5XDeSEZB1l+8XjB/TYDNEcAxM=
github.com/weedbox/pokerface v0.0.0-20230612023724-9a4ee1b79b76/go.mod h1:ISNJ2qa37zpZiH2Gxmx+UlqJsMvoYt/t314NK+uWjHI=
github.com/weedbox/pokerface v0.0.0-20230612115915-3940aec9ef60 h1:qFF1c6ISApuKaR74iagEhMaiBaxlQQlFiv3lDBRIfpw=
github.com/weedbox/pokerface v0.0.0-20230612115915-3940aec9ef60/go.mod h1:ISNJ2qa37zpZiH2Gxmx+UlqJsMvoYt/t314NK+uWjHI=
github.com/weedbox/pokerface v0.0.0-20230612174352-7530e0e09e46 h1:whkz+N/Srq8FfpcxesKLaJ+KfT638mRH0AuT9X9wp7w=
github.com/weedbox/pokerface v0.0.0-20230612174352-7530e0e09e46/go.mod h1:ISNJ2qa37zpZiH2Gxmx+UlqJsMvoYt/t314NK+uWjHI=
github.com/weedbox/pokerface v0.0.0-20230612174703-885db8b74193 h1:c002N5B/W62Q3hLG0edVLsSW/0yuer5G0Ce900G1JSs=
github.com/weedbox/pokerface v0.0.0-20230612174703-885db8b74193/go.mod h1:ISNJ2qa37zpZiH2Gxmx+UlqJsMvoYt/t314NK+uWjHI=
github.com/weedbox/pokertable v0.0.0-20230610094005-178238cffd62 h1:KPlRCYs+ha+G9niLGDSNQoqrIg8zCN46jaHnOoT6UA0=
github.com/weedbox/pokertable v0.0.0-20230610094005-178238cffd62/go.mod h1:v1bYu3FY25xz2P2f0nDJIMyoqOhjjbu/guU+++umgU0=
github.com/weedbox/pokertable v0.0.0-20230610142511-d9c474c29219/go.mod h1:v1bYu3FY25xz2P2f0nDJIMyoqOhjjbu/guU+++umgU0=
github.com/weedbox/pokertable v0.0.0-20230610175442-167f209394fb h1:8lb3E4ORqYC1y35MuA8Iz1x8yO7OC26b+fAVODW76uc=
github.com/weedbox/pokertable v0.0.0-20230610175442-167f209394fb/go.mod h1:v1bYu3FY25xz2P2f0nDJIMyoqOhjjbu/guU+++umgU0=
github.com/weedbox/pokertable v0.0.0-20230612075137-d6227f22ef65 h1:OJ4U6RbW7su48rKs0jTUJCGHjFLJMBrkMpJeTGZCmR8=
github.com/weedbox/pokertable v0.0.0-20230612075137-d6227f22ef65/go.mod h1:/bKGYUQ9QZn00E+Kwot7wUVZzKagMWXRZ0bzU/nv7Bk=
github.com/weedbox/pokertable v0.0.0-20230612174855-fab084f0f1f5 h1:+BvN5U0BV4lL0xoReisfWK+wV28rXZUe+EtVShoJCMg=
github.com/weedbox/pokertable v0.0.0-20230612174855-fab084f0f1f5/go.mod h1:/bKGYUQ9QZn00E+Kwot7wUVZzKagMWXRZ0bzU/nv7Bk=
github.com/weedbox/pokertable v0.0.0-20230612181808-ae8975b235bb h1:4DTjQnOSncT6fVcM6KhqgwQ544r2V+BaEzLDIi0kH3o=
github.com/weedbox/pokertable v0.0.0-20230612181808-ae8975b235bb/go.mod h1:/bKGYUQ9QZn00E+Kwot7wUVZzKagMWXRZ0bzU/nv7Bk=
github.com/weedbox/pokertable v0.0.0-20230612191812-32cb47e95228 h1:ficxvPWZ3Ul+DmQUODqzCFLuhPfejoqt6KmyjeDlcPY=
github.com/weedbox/pokertable v0.0.0-20230612191812-32cb47e95228/go.mod h1:/bKGYUQ9QZn00E+Kwot7wUVZzKagMWXRZ0bzU/nv7Bk=
gopkg.in/check.v1 v0.0.0-20161208181325-20d25e280405/go.mod h1:Co6ibVJAznAaIkqp8huTwlJQCZ016jof/cbN4VW5Yz0=
gopkg.in/yaml.v2 v2.2.2/go.mod h1:hI93XBmqTisBFMUTm0b8Fm+jr3Dg1NNxqwp+5A1VGuI=
gopkg.in/yaml.v3 v3.0.1 h1:fxVm/GzAzEWqLHuvctI91KS9hhNmmWOoWu0XTYJS7CA=
gopkg.in/yaml.v3 v3.0.1/go.mod h1:K4uyk7z7BCEPqu6E+C64Yfv1cQ7kz7rIZviUmN+EgEM=
