github.com/davecgh/go-spew v1.1.0/go.mod h1:J7Y8YcW2NihsgmVo/mv3lAwl/skON4iLHjSsI+c5H38=
github.com/davecgh/go-spew v1.1.1 h1:vj9j/u1bqnvCEfJOwUhtlOARqs3+rkHYY13jYWTU97c=
github.com/davecgh/go-spew v1.1.1/go.mod h1:J7Y8YcW2NihsgmVo/mv3lAwl/skON4iLHjSsI+c5H38=
github.com/google/uuid v1.3.1 h1:KjJaJ9iWZ3jOFZIf1Lqf4laDRCasjl0BCmnEGxkdLb4=
github.com/google/uuid v1.3.1/go.mod h1:TIyPZe4MgqvfeYDBFedMoGGpEw/LqOeaOT+nhxU+yHo=
github.com/pmezard/go-difflib v1.0.0 h1:4DBwDE0NGyQoBHbLQYPwSUPoCMWR5BEzIk/f1lZbAQM=
github.com/pmezard/go-difflib v1.0.0/go.mod h1:iKH77koFhYxTK1pcRnkKkqfTogsbg7gZNVY4sRDYZ/4=
github.com/stretchr/objx v0.1.0/go.mod h1:HFkY916IF+rwdDfMAkV7OtwuqBVzrE8GR6GFx+wExME=
github.com/stretchr/objx v0.5.0/go.mod h1:Yh+to48EsGEfYuaHDzXPcE3xhTkx73EhmCGUpEOglKo=
github.com/stretchr/testify v1.4.0/go.mod h1:j7eGeouHqKxXV5pUuKE4zz7dFj8WfuZ+81PSLYec5m4=
github.com/stretchr/testify v1.8.4 h1:CcVxjf3Q8PM0mHUKJCdn+eZZtm5yQwehR5yeSVQQcUk=
github.com/stretchr/testify v1.8.4/go.mod h1:sz/lmYIOXD/1dqDmKjjqLyZ2RngseejIcXlSw2iwfAo=
github.com/thoas/go-funk v0.9.3 h1:7+nAEx3kn5ZJcnDm2Bh23N2yOtweO14bi//dvRtgLpw=
github.com/thoas/go-funk v0.9.3/go.mod h1:+IWnUfUmFO1+WVYQWQtIJHeRRdaIyyYglZN7xzUPe4Q=
github.com/weedbox/pokerface v0.0.0-20230821165914-18906a6c6709 h1:s3wY60VXslvimCPTU3xLynVoNWrSLmutblR/jrHYig4=
github.com/weedbox/pokerface v0.0.0-20230821165914-18906a6c6709/go.mod h1:crCafi1KcY6+jRb6sVkB8mF1fSuVri8tYOSEIdDDcr4=
github.com/weedbox/pokerface v0.0.0-20230824174458-554591ffa90b h1:rI63wFMuoCKvJDHqzi2GOVVsFvA1tpP4FP1QexHdTTs=
github.com/weedbox/pokerface v0.0.0-20230824174458-554591ffa90b/go.mod h1:crCafi1KcY6+jRb6sVkB8mF1fSuVri8tYOSEIdDDcr4=
github.com/weedbox/pokertable v0.0.0-20230822090644-085dd10cea2e h1:yjJvvUxLBl/6pxfroz9rsR6wUwGOnCr9xCC/v+OPLLM=
github.com/weedbox/pokertable v0.0.0-20230822090644-085dd10cea2e/go.mod h1:T2pqS1U7ZDCBXxgOPLJD3chkDgJqJO82zyI7VLrnr6M=
github.com/weedbox/pokertable v0.0.0-20230822110930-4be2d470f569 h1:8MzyK0miSU/6X+in4ktZB3b2uNq9UntXPk32OvjTfls=
github.com/weedbox/pokertable v0.0.0-20230822110930-4be2d470f569/go.mod h1:T2pqS1U7ZDCBXxgOPLJD3chkDgJqJO82zyI7VLrnr6M=
github.com/weedbox/pokertable v0.0.0-20230823093527-9f1965a74904 h1:0DyXMUmrM1/YhwgDMHQyfAwkwxtjexZX55ToHnnfGW8=
github.com/weedbox/pokertable v0.0.0-20230823093527-9f1965a74904/go.mod h1:T2pqS1U7ZDCBXxgOPLJD3chkDgJqJO82zyI7VLrnr6M=
github.com/weedbox/pokertable v0.0.0-20230825072212-25d878b58f2f h1:jxcGJovD9fCN5AJ9zqxU8RRj3ABLHgUPTPl0kLm2BwY=
github.com/weedbox/pokertable v0.0.0-20230825072212-25d878b58f2f/go.mod h1:T2pqS1U7ZDCBXxgOPLJD3chkDgJqJO82zyI7VLrnr6M=
github.com/weedbox/pokertable v0.0.0-20230825091956-09d60af34e56 h1:OYTxlQi80CYdgyxN8tW8IWZw7e5YGvDE18Kov5NDt2g=
github.com/weedbox/pokertable v0.0.0-20230825091956-09d60af34e56/go.mod h1:zNDQizx0YArjM0Mxlf0FxfBle34S82ftT0iGjsSVLR0=
github.com/weedbox/pokertable v0.0.0-20230825103447-81fadadba78e h1:yhaVm7rX8jsFRL+/mMSNTf4BmjVp1OCZ70UaO3PZnds=
github.com/weedbox/pokertable v0.0.0-20230825103447-81fadadba78e/go.mod h1:zNDQizx0YArjM0Mxlf0FxfBle34S82ftT0iGjsSVLR0=
github.com/weedbox/pokertable v0.0.0-20230828065756-8c597f32c41e h1:0axYP2waWMSJYLBr1yfGADXPEcamO9FlI7qh347BMOU=
github.com/weedbox/pokertable v0.0.0-20230828065756-8c597f32c41e/go.mod h1:zNDQizx0YArjM0Mxlf0FxfBle34S82ftT0iGjsSVLR0=
github.com/weedbox/pokertable v0.0.0-20230829105021-bf75c81b5982 h1:gMqiJ1pcC5aqKW1Szf7vxtyl6ynEsOAYzYymhzjEAhs=
github.com/weedbox/pokertable v0.0.0-20230829105021-bf75c81b5982/go.mod h1:zNDQizx0YArjM0Mxlf0FxfBle34S82ftT0iGjsSVLR0=
github.com/weedbox/pokertable v0.0.0-20230830120406-20303f222a41 h1:rm4U8RYJtaVnTswG8QgEX6hJXYAT1SjzsLBktu6o6lM=
github.com/weedbox/pokertable v0.0.0-20230830120406-20303f222a41/go.mod h1:zNDQizx0YArjM0Mxlf0FxfBle34S82ftT0iGjsSVLR0=
github.com/weedbox/pokertable v0.0.0-20230831052502-e807d5615f50 h1:pFAOKlrFzijcIizUfGI02oJjytr5/lb1p+xK/z/4kqU=
github.com/weedbox/pokertable v0.0.0-20230831052502-e807d5615f50/go.mod h1:zNDQizx0YArjM0Mxlf0FxfBle34S82ftT0iGjsSVLR0=
github.com/weedbox/pokertablebalancer v0.0.0-20230615080923-51d19f6291c7 h1:UwE2ui2Zg7z/CGKs4UKGdN57wWnNUGyY1ylX5ewEYWk=
github.com/weedbox/pokertablebalancer v0.0.0-20230615080923-51d19f6291c7/go.mod h1:kFyYk4ZkxmEV6+nxRp+piJaxVr6MpRUF03rz5XlstLM=
github.com/weedbox/syncsaga v0.0.0-20230821071725-a634f0872340 h1:ZHzlfkN/XnOIADtOxGUPbyislvjx0KjtTwCVuKEF1hw=
github.com/weedbox/syncsaga v0.0.0-20230821071725-a634f0872340/go.mod h1:1k6tuqJhfosy4htz/8WTL17Hn4W1BJD4R+Lp/08EOPI=
github.com/weedbox/timebank v0.0.0-20230713013837-bd7a6f808e3e h1:3v7juh57KHXyYVjfsE6gYn6tzgLBTQcDgg1A7fqNGC0=
github.com/weedbox/timebank v0.0.0-20230713013837-bd7a6f808e3e/go.mod h1:7ZB83P7QCjvRQm4DsMFVIRxEeXaiH75BRMzI5SMBH6Y=
gopkg.in/check.v1 v0.0.0-20161208181325-20d25e280405 h1:yhCVgyC4o1eVCa2tZl7eS0r+SDo693bJlVdllGtEeKM=
gopkg.in/check.v1 v0.0.0-20161208181325-20d25e280405/go.mod h1:Co6ibVJAznAaIkqp8huTwlJQCZ016jof/cbN4VW5Yz0=
gopkg.in/yaml.v2 v2.2.2/go.mod h1:hI93XBmqTisBFMUTm0b8Fm+jr3Dg1NNxqwp+5A1VGuI=
gopkg.in/yaml.v3 v3.0.1 h1:fxVm/GzAzEWqLHuvctI91KS9hhNmmWOoWu0XTYJS7CA=
gopkg.in/yaml.v3 v3.0.1/go.mod h1:K4uyk7z7BCEPqu6E+C64Yfv1cQ7kz7rIZviUmN+EgEM=
