github.com/davecgh/go-spew v1.1.0/go.mod h1:J7Y8YcW2NihsgmVo/mv3lAwl/skON4iLHjSsI+c5H38=
github.com/davecgh/go-spew v1.1.1 h1:vj9j/u1bqnvCEfJOwUhtlOARqs3+rkHYY13jYWTU97c=
github.com/davecgh/go-spew v1.1.1/go.mod h1:J7Y8YcW2NihsgmVo/mv3lAwl/skON4iLHjSsI+c5H38=
github.com/dustin/go-humanize v1.0.0 h1:VSnTsYCnlFHaM2/igO1h6X3HA71jcobQuxemgkq4zYo=
github.com/dustin/go-humanize v1.0.0/go.mod h1:HtrtbFcZ19U5GC7JDqmcUSB87Iq5E25KnS6fMYU6eOk=
github.com/golang/protobuf v1.4.2 h1:+Z5KGCizgyZCbGh1KZqA0fcLLkwbsjIzS4aV2v7wJX0=
github.com/google/go-cmp v0.5.9 h1:O2Tfq5qg4qc4AmwVlvv0oLiVAGB7enBSJ2x2DqQFi38=
github.com/google/uuid v1.3.1 h1:KjJaJ9iWZ3jOFZIf1Lqf4laDRCasjl0BCmnEGxkdLb4=
github.com/google/uuid v1.3.1/go.mod h1:TIyPZe4MgqvfeYDBFedMoGGpEw/LqOeaOT+nhxU+yHo=
github.com/klauspost/compress v1.16.7 h1:2mk3MPGNzKyxErAw8YaohYh69+pa4sIQSC0fPGCFR9I=
github.com/klauspost/compress v1.16.7/go.mod h1:ntbaceVETuRiXiv4DpjP66DpAtAGkEQskQzEyD//IeE=
github.com/minio/highwayhash v1.0.2 h1:Aak5U0nElisjDCfPSG79Tgzkn2gl66NxOMspRrKnA/g=
github.com/minio/highwayhash v1.0.2/go.mod h1:BQskDq+xkJ12lmlUUi7U0M5Swg3EWR+dLTk+kldvVxY=
github.com/nats-io/jsm.go v0.0.35 h1:l03xuGttRA9b81Q0P/WEGm3e5DYof743ZEI4nQR3PUs=
github.com/nats-io/jsm.go v0.0.35/go.mod h1:AkNKZTxbvdFBOJCdlKuLHsRlOP+AI4hV9REQKmq3sWw=
github.com/nats-io/jwt/v2 v2.5.0 h1:WQQ40AAlqqfx+f6ku+i0pOVm+ASirD4fUh+oQsiE9Ak=
github.com/nats-io/jwt/v2 v2.5.0/go.mod h1:24BeQtRwxRV8ruvC4CojXlx/WQ/VjuwlYiH+vu/+ibI=
github.com/nats-io/nats-server/v2 v2.9.21 h1:2TBTh0UDE74eNXQmV4HofsmRSCiVN0TH2Wgrp6BD6fk=
github.com/nats-io/nats-server/v2 v2.9.21/go.mod h1:ozqMZc2vTHcNcblOiXMWIXkf8+0lDGAi5wQcG+O1mHU=
github.com/nats-io/nats.go v1.28.0 h1:Th4G6zdsz2d0OqXdfzKLClo6bOfoI/b1kInhRtFIy5c=
github.com/nats-io/nats.go v1.28.0/go.mod h1:XpbWUlOElGwTYbMR7imivs7jJj9GtK7ypv321Wp6pjc=
github.com/nats-io/nkeys v0.4.4 h1:xvBJ8d69TznjcQl9t6//Q5xXuVhyYiSos6RPtvQNTwA=
github.com/nats-io/nkeys v0.4.4/go.mod h1:XUkxdLPTufzlihbamfzQ7mw/VGx6ObUs+0bN5sNvt64=
github.com/nats-io/nuid v1.0.1 h1:5iA8DT8V7q8WK2EScv2padNa/rTESc1KdnPw4TC2paw=
github.com/nats-io/nuid v1.0.1/go.mod h1:19wcPz3Ph3q0Jbyiqsd0kePYG7A95tJPxeL+1OSON2c=
github.com/pmezard/go-difflib v1.0.0 h1:4DBwDE0NGyQoBHbLQYPwSUPoCMWR5BEzIk/f1lZbAQM=
github.com/pmezard/go-difflib v1.0.0/go.mod h1:iKH77koFhYxTK1pcRnkKkqfTogsbg7gZNVY4sRDYZ/4=
github.com/stretchr/objx v0.1.0/go.mod h1:HFkY916IF+rwdDfMAkV7OtwuqBVzrE8GR6GFx+wExME=
github.com/stretchr/objx v0.5.0/go.mod h1:Yh+to48EsGEfYuaHDzXPcE3xhTkx73EhmCGUpEOglKo=
github.com/stretchr/testify v1.4.0/go.mod h1:j7eGeouHqKxXV5pUuKE4zz7dFj8WfuZ+81PSLYec5m4=
github.com/stretchr/testify v1.8.4 h1:CcVxjf3Q8PM0mHUKJCdn+eZZtm5yQwehR5yeSVQQcUk=
github.com/stretchr/testify v1.8.4/go.mod h1:sz/lmYIOXD/1dqDmKjjqLyZ2RngseejIcXlSw2iwfAo=
github.com/thoas/go-funk v0.9.3 h1:7+nAEx3kn5ZJcnDm2Bh23N2yOtweO14bi//dvRtgLpw=
github.com/thoas/go-funk v0.9.3/go.mod h1:+IWnUfUmFO1+WVYQWQtIJHeRRdaIyyYglZN7xzUPe4Q=
github.com/weedbox/pokerface v0.0.0-20230907155516-66c348caddee h1:T1aqWuF60JCYLExk8i8ygagd0WwynvtuWDtfUT1DS18=
github.com/weedbox/pokerface v0.0.0-20230907155516-66c348caddee/go.mod h1:crCafi1KcY6+jRb6sVkB8mF1fSuVri8tYOSEIdDDcr4=
github.com/weedbox/pokertable v0.0.0-20230905032447-961b421063c4 h1:uYRAVrPFov2GwGU+qXq6Xp5tQrjor8rtHgDDgPUOiOk=
github.com/weedbox/pokertable v0.0.0-20230905032447-961b421063c4/go.mod h1:zNDQizx0YArjM0Mxlf0FxfBle34S82ftT0iGjsSVLR0=
github.com/weedbox/pokertable v0.0.0-20230908161700-d0ac2f04a6c6 h1:x4yjpndTEQ3fSppVS6DtbX2AGt02lsOylC/46fyMXnI=
github.com/weedbox/pokertable v0.0.0-20230908161700-d0ac2f04a6c6/go.mod h1:oa52Y+NbjRg1wBkd+Tr01zBrVsvOw3QMt1WK2Af5J88=
github.com/weedbox/pokertable v0.0.0-20230908174809-5769756cb1ad h1:EXLqngJoa8/e0ZkQJAH08AJOj557jSxXKzJPlj3NpNs=
github.com/weedbox/pokertable v0.0.0-20230908174809-5769756cb1ad/go.mod h1:T445/o87wWCIlX/s78DZTZ9y+KTBQQdz7mL+fxfbvU0=
github.com/weedbox/pokertable v0.0.0-20230908192707-27ad3c8b2489 h1:ValkUkejQcq1v3WrsyeUuuFMrZqsrP8UNSdxpQ6+c2g=
github.com/weedbox/pokertable v0.0.0-20230908192707-27ad3c8b2489/go.mod h1:T445/o87wWCIlX/s78DZTZ9y+KTBQQdz7mL+fxfbvU0=
github.com/weedbox/syncsaga v0.0.0-20230821071725-a634f0872340 h1:ZHzlfkN/XnOIADtOxGUPbyislvjx0KjtTwCVuKEF1hw=
github.com/weedbox/syncsaga v0.0.0-20230821071725-a634f0872340/go.mod h1:1k6tuqJhfosy4htz/8WTL17Hn4W1BJD4R+Lp/08EOPI=
github.com/weedbox/timebank v0.0.0-20230713013837-bd7a6f808e3e h1:3v7juh57KHXyYVjfsE6gYn6tzgLBTQcDgg1A7fqNGC0=
github.com/weedbox/timebank v0.0.0-20230713013837-bd7a6f808e3e/go.mod h1:7ZB83P7QCjvRQm4DsMFVIRxEeXaiH75BRMzI5SMBH6Y=
golang.org/x/crypto v0.13.0 h1:mvySKfSWJ+UKUii46M40LOvyWfN0s2U+46/jDd0e6Ck=
golang.org/x/crypto v0.13.0/go.mod h1:y6Z2r+Rw4iayiXXAIxJIDAJ1zMW4yaTpebo8fPOliYc=
golang.org/x/sys v0.0.0-20190130150945-aca44879d564/go.mod h1:STP8DvDyc/dI5b8T5hshtkjS+E42TnysNCUPdjciGhY=
golang.org/x/sys v0.12.0 h1:CM0HF96J0hcLAwsHPJZjfdNzs0gftsLfgKt57wWHJ0o=
golang.org/x/sys v0.12.0/go.mod h1:oPkhp1MJrh7nUepCBck5+mAzfO9JrbApNNgaTdGDITg=
golang.org/x/text v0.13.0 h1:ablQoSUd0tRdKxZewP80B+BaqeKJuVhuRxj/dkrun3k=
golang.org/x/text v0.13.0/go.mod h1:TvPlkZtksWOMsz7fbANvkp4WM8x/WCo/om8BMLbz+aE=
golang.org/x/time v0.3.0 h1:rg5rLMjNzMS1RkNLzCG38eapWhnYLFYXDXj2gOlr8j4=
golang.org/x/time v0.3.0/go.mod h1:tRJNPiyCQ0inRvYxbN9jk5I+vvW/OXSQhTDSoE431IQ=
google.golang.org/protobuf v1.23.0 h1:4MY060fB1DLGMB/7MBTLnwQUY6+F09GEiz6SsrNqyzM=
gopkg.in/check.v1 v0.0.0-20161208181325-20d25e280405 h1:yhCVgyC4o1eVCa2tZl7eS0r+SDo693bJlVdllGtEeKM=
gopkg.in/check.v1 v0.0.0-20161208181325-20d25e280405/go.mod h1:Co6ibVJAznAaIkqp8huTwlJQCZ016jof/cbN4VW5Yz0=
gopkg.in/yaml.v2 v2.2.2/go.mod h1:hI93XBmqTisBFMUTm0b8Fm+jr3Dg1NNxqwp+5A1VGuI=
gopkg.in/yaml.v3 v3.0.1 h1:fxVm/GzAzEWqLHuvctI91KS9hhNmmWOoWu0XTYJS7CA=
gopkg.in/yaml.v3 v3.0.1/go.mod h1:K4uyk7z7BCEPqu6E+C64Yfv1cQ7kz7rIZviUmN+EgEM=
